// !$*UTF8*$!
{
	archiveVersion = 1;
	classes = {
	};
	objectVersion = 46;
	objects = {

/* Begin PBXBuildFile section */
		ABDBFD3D1BB39CE300A9BA72 /* main.m in Sources */ = {isa = PBXBuildFile; fileRef = ABDBFD3C1BB39CE300A9BA72 /* main.m */; };
		ABDBFD401BB39CE300A9BA72 /* AppDelegate.m in Sources */ = {isa = PBXBuildFile; fileRef = ABDBFD3F1BB39CE300A9BA72 /* AppDelegate.m */; };
		ABDBFD431BB39CE300A9BA72 /* RootViewController.m in Sources */ = {isa = PBXBuildFile; fileRef = ABDBFD421BB39CE300A9BA72 /* RootViewController.m */; };
		ABDBFD461BB39CE300A9BA72 /* DataViewController.m in Sources */ = {isa = PBXBuildFile; fileRef = ABDBFD451BB39CE300A9BA72 /* DataViewController.m */; };
		ABDBFD491BB39CE300A9BA72 /* ModelController.m in Sources */ = {isa = PBXBuildFile; fileRef = ABDBFD481BB39CE300A9BA72 /* ModelController.m */; };
		ABDBFD4C1BB39CE300A9BA72 /* Main.storyboard in Resources */ = {isa = PBXBuildFile; fileRef = ABDBFD4A1BB39CE300A9BA72 /* Main.storyboard */; };
		ABDBFD4E1BB39CE300A9BA72 /* Images.xcassets in Resources */ = {isa = PBXBuildFile; fileRef = ABDBFD4D1BB39CE300A9BA72 /* Images.xcassets */; };
		ABDBFD511BB39CE300A9BA72 /* LaunchScreen.xib in Resources */ = {isa = PBXBuildFile; fileRef = ABDBFD4F1BB39CE300A9BA72 /* LaunchScreen.xib */; };
		ABDBFD5D1BB39CE400A9BA72 /* TestPageBasedTests.m in Sources */ = {isa = PBXBuildFile; fileRef = ABDBFD5C1BB39CE400A9BA72 /* TestPageBasedTests.m */; };
/* End PBXBuildFile section */

/* Begin PBXContainerItemProxy section */
		ABDBFD571BB39CE400A9BA72 /* PBXContainerItemProxy */ = {
			isa = PBXContainerItemProxy;
			containerPortal = ABDBFD2F1BB39CE300A9BA72 /* Project object */;
			proxyType = 1;
			remoteGlobalIDString = ABDBFD361BB39CE300A9BA72;
			remoteInfo = TestPageBased;
		};
/* End PBXContainerItemProxy section */

/* Begin PBXFileReference section */
		ABDBFD371BB39CE300A9BA72 /* TestPageBased.app */ = {isa = PBXFileReference; explicitFileType = wrapper.application; includeInIndex = 0; path = TestPageBased.app; sourceTree = BUILT_PRODUCTS_DIR; };
		ABDBFD3B1BB39CE300A9BA72 /* Info.plist */ = {isa = PBXFileReference; lastKnownFileType = text.plist.xml; path = Info.plist; sourceTree = "<group>"; };
		ABDBFD3C1BB39CE300A9BA72 /* main.m */ = {isa = PBXFileReference; lastKnownFileType = sourcecode.c.objc; path = main.m; sourceTree = "<group>"; };
		ABDBFD3E1BB39CE300A9BA72 /* AppDelegate.h */ = {isa = PBXFileReference; lastKnownFileType = sourcecode.c.h; path = AppDelegate.h; sourceTree = "<group>"; };
		ABDBFD3F1BB39CE300A9BA72 /* AppDelegate.m */ = {isa = PBXFileReference; lastKnownFileType = sourcecode.c.objc; path = AppDelegate.m; sourceTree = "<group>"; };
		ABDBFD411BB39CE300A9BA72 /* RootViewController.h */ = {isa = PBXFileReference; lastKnownFileType = sourcecode.c.h; path = RootViewController.h; sourceTree = "<group>"; };
		ABDBFD421BB39CE300A9BA72 /* RootViewController.m */ = {isa = PBXFileReference; lastKnownFileType = sourcecode.c.objc; path = RootViewController.m; sourceTree = "<group>"; };
		ABDBFD441BB39CE300A9BA72 /* DataViewController.h */ = {isa = PBXFileReference; lastKnownFileType = sourcecode.c.h; path = DataViewController.h; sourceTree = "<group>"; };
		ABDBFD451BB39CE300A9BA72 /* DataViewController.m */ = {isa = PBXFileReference; lastKnownFileType = sourcecode.c.objc; path = DataViewController.m; sourceTree = "<group>"; };
		ABDBFD471BB39CE300A9BA72 /* ModelController.h */ = {isa = PBXFileReference; lastKnownFileType = sourcecode.c.h; path = ModelController.h; sourceTree = "<group>"; };
		ABDBFD481BB39CE300A9BA72 /* ModelController.m */ = {isa = PBXFileReference; lastKnownFileType = sourcecode.c.objc; path = ModelController.m; sourceTree = "<group>"; };
		ABDBFD4B1BB39CE300A9BA72 /* Base */ = {isa = PBXFileReference; lastKnownFileType = file.storyboard; name = Base; path = Base.lproj/Main.storyboard; sourceTree = "<group>"; };
		ABDBFD4D1BB39CE300A9BA72 /* Images.xcassets */ = {isa = PBXFileReference; lastKnownFileType = folder.assetcatalog; path = Images.xcassets; sourceTree = "<group>"; };
		ABDBFD501BB39CE300A9BA72 /* Base */ = {isa = PBXFileReference; lastKnownFileType = file.xib; name = Base; path = Base.lproj/LaunchScreen.xib; sourceTree = "<group>"; };
		ABDBFD561BB39CE400A9BA72 /* TestPageBasedTests.xctest */ = {isa = PBXFileReference; explicitFileType = wrapper.cfbundle; includeInIndex = 0; path = TestPageBasedTests.xctest; sourceTree = BUILT_PRODUCTS_DIR; };
		ABDBFD5B1BB39CE400A9BA72 /* Info.plist */ = {isa = PBXFileReference; lastKnownFileType = text.plist.xml; path = Info.plist; sourceTree = "<group>"; };
		ABDBFD5C1BB39CE400A9BA72 /* TestPageBasedTests.m */ = {isa = PBXFileReference; lastKnownFileType = sourcecode.c.objc; path = TestPageBasedTests.m; sourceTree = "<group>"; };
/* End PBXFileReference section */

/* Begin PBXFrameworksBuildPhase section */
		ABDBFD341BB39CE300A9BA72 /* Frameworks */ = {
			isa = PBXFrameworksBuildPhase;
			buildActionMask = 2147483647;
			files = (
			);
			runOnlyForDeploymentPostprocessing = 0;
		};
		ABDBFD531BB39CE400A9BA72 /* Frameworks */ = {
			isa = PBXFrameworksBuildPhase;
			buildActionMask = 2147483647;
			files = (
			);
			runOnlyForDeploymentPostprocessing = 0;
		};
/* End PBXFrameworksBuildPhase section */

/* Begin PBXGroup section */
		ABDBFD2E1BB39CE300A9BA72 = {
			isa = PBXGroup;
			children = (
				ABDBFD391BB39CE300A9BA72 /* TestPageBased */,
				ABDBFD591BB39CE400A9BA72 /* TestPageBasedTests */,
				ABDBFD381BB39CE300A9BA72 /* Products */,
			);
			sourceTree = "<group>";
		};
		ABDBFD381BB39CE300A9BA72 /* Products */ = {
			isa = PBXGroup;
			children = (
				ABDBFD371BB39CE300A9BA72 /* TestPageBased.app */,
				ABDBFD561BB39CE400A9BA72 /* TestPageBasedTests.xctest */,
			);
			name = Products;
			sourceTree = "<group>";
		};
		ABDBFD391BB39CE300A9BA72 /* TestPageBased */ = {
			isa = PBXGroup;
			children = (
				ABDBFD3E1BB39CE300A9BA72 /* AppDelegate.h */,
				ABDBFD3F1BB39CE300A9BA72 /* AppDelegate.m */,
				ABDBFD411BB39CE300A9BA72 /* RootViewController.h */,
				ABDBFD421BB39CE300A9BA72 /* RootViewController.m */,
				ABDBFD441BB39CE300A9BA72 /* DataViewController.h */,
				ABDBFD451BB39CE300A9BA72 /* DataViewController.m */,
				ABDBFD471BB39CE300A9BA72 /* ModelController.h */,
				ABDBFD481BB39CE300A9BA72 /* ModelController.m */,
				ABDBFD4A1BB39CE300A9BA72 /* Main.storyboard */,
				ABDBFD4D1BB39CE300A9BA72 /* Images.xcassets */,
				ABDBFD4F1BB39CE300A9BA72 /* LaunchScreen.xib */,
				ABDBFD3A1BB39CE300A9BA72 /* Supporting Files */,
			);
			path = TestPageBased;
			sourceTree = "<group>";
		};
		ABDBFD3A1BB39CE300A9BA72 /* Supporting Files */ = {
			isa = PBXGroup;
			children = (
				ABDBFD3B1BB39CE300A9BA72 /* Info.plist */,
				ABDBFD3C1BB39CE300A9BA72 /* main.m */,
			);
			name = "Supporting Files";
			sourceTree = "<group>";
		};
		ABDBFD591BB39CE400A9BA72 /* TestPageBasedTests */ = {
			isa = PBXGroup;
			children = (
				ABDBFD5C1BB39CE400A9BA72 /* TestPageBasedTests.m */,
				ABDBFD5A1BB39CE400A9BA72 /* Supporting Files */,
			);
			path = TestPageBasedTests;
			sourceTree = "<group>";
		};
		ABDBFD5A1BB39CE400A9BA72 /* Supporting Files */ = {
			isa = PBXGroup;
			children = (
				ABDBFD5B1BB39CE400A9BA72 /* Info.plist */,
			);
			name = "Supporting Files";
			sourceTree = "<group>";
		};
/* End PBXGroup section */

/* Begin PBXNativeTarget section */
		ABDBFD361BB39CE300A9BA72 /* TestPageBased */ = {
			isa = PBXNativeTarget;
			buildConfigurationList = ABDBFD601BB39CE400A9BA72 /* Build configuration list for PBXNativeTarget "TestPageBased" */;
			buildPhases = (
				ABDBFD331BB39CE300A9BA72 /* Sources */,
				ABDBFD341BB39CE300A9BA72 /* Frameworks */,
				ABDBFD351BB39CE300A9BA72 /* Resources */,
			);
			buildRules = (
			);
			dependencies = (
			);
			name = TestPageBased;
			productName = TestPageBased;
			productReference = ABDBFD371BB39CE300A9BA72 /* TestPageBased.app */;
			productType = "com.apple.product-type.application";
		};
		ABDBFD551BB39CE400A9BA72 /* TestPageBasedTests */ = {
			isa = PBXNativeTarget;
			buildConfigurationList = ABDBFD631BB39CE400A9BA72 /* Build configuration list for PBXNativeTarget "TestPageBasedTests" */;
			buildPhases = (
				ABDBFD521BB39CE400A9BA72 /* Sources */,
				ABDBFD531BB39CE400A9BA72 /* Frameworks */,
				ABDBFD541BB39CE400A9BA72 /* Resources */,
			);
			buildRules = (
			);
			dependencies = (
				ABDBFD581BB39CE400A9BA72 /* PBXTargetDependency */,
			);
			name = TestPageBasedTests;
			productName = TestPageBasedTests;
			productReference = ABDBFD561BB39CE400A9BA72 /* TestPageBasedTests.xctest */;
			productType = "com.apple.product-type.bundle.unit-test";
		};
/* End PBXNativeTarget section */

/* Begin PBXProject section */
		ABDBFD2F1BB39CE300A9BA72 /* Project object */ = {
			isa = PBXProject;
			attributes = {
				LastUpgradeCheck = 0640;
				ORGANIZATIONNAME = "Bo Gao";
				TargetAttributes = {
					ABDBFD361BB39CE300A9BA72 = {
						CreatedOnToolsVersion = 6.4;
					};
					ABDBFD551BB39CE400A9BA72 = {
						CreatedOnToolsVersion = 6.4;
						TestTargetID = ABDBFD361BB39CE300A9BA72;
					};
				};
			};
			buildConfigurationList = ABDBFD321BB39CE300A9BA72 /* Build configuration list for PBXProject "TestPageBased" */;
			compatibilityVersion = "Xcode 3.2";
			developmentRegion = English;
			hasScannedForEncodings = 0;
			knownRegions = (
				en,
				Base,
			);
			mainGroup = ABDBFD2E1BB39CE300A9BA72;
			productRefGroup = ABDBFD381BB39CE300A9BA72 /* Products */;
			projectDirPath = "";
			projectRoot = "";
			targets = (
				ABDBFD361BB39CE300A9BA72 /* TestPageBased */,
				ABDBFD551BB39CE400A9BA72 /* TestPageBasedTests */,
			);
		};
/* End PBXProject section */

/* Begin PBXResourcesBuildPhase section */
		ABDBFD351BB39CE300A9BA72 /* Resources */ = {
			isa = PBXResourcesBuildPhase;
			buildActionMask = 2147483647;
			files = (
				ABDBFD4C1BB39CE300A9BA72 /* Main.storyboard in Resources */,
				ABDBFD511BB39CE300A9BA72 /* LaunchScreen.xib in Resources */,
				ABDBFD4E1BB39CE300A9BA72 /* Images.xcassets in Resources */,
			);
			runOnlyForDeploymentPostprocessing = 0;
		};
		ABDBFD541BB39CE400A9BA72 /* Resources */ = {
			isa = PBXResourcesBuildPhase;
			buildActionMask = 2147483647;
			files = (
			);
			runOnlyForDeploymentPostprocessing = 0;
		};
/* End PBXResourcesBuildPhase section */

/* Begin PBXSourcesBuildPhase section */
		ABDBFD331BB39CE300A9BA72 /* Sources */ = {
			isa = PBXSourcesBuildPhase;
			buildActionMask = 2147483647;
			files = (
				ABDBFD461BB39CE300A9BA72 /* DataViewController.m in Sources */,
				ABDBFD401BB39CE300A9BA72 /* AppDelegate.m in Sources */,
				ABDBFD491BB39CE300A9BA72 /* ModelController.m in Sources */,
				ABDBFD3D1BB39CE300A9BA72 /* main.m in Sources */,
				ABDBFD431BB39CE300A9BA72 /* RootViewController.m in Sources */,
			);
			runOnlyForDeploymentPostprocessing = 0;
		};
		ABDBFD521BB39CE400A9BA72 /* Sources */ = {
			isa = PBXSourcesBuildPhase;
			buildActionMask = 2147483647;
			files = (
				ABDBFD5D1BB39CE400A9BA72 /* TestPageBasedTests.m in Sources */,
			);
			runOnlyForDeploymentPostprocessing = 0;
		};
/* End PBXSourcesBuildPhase section */

/* Begin PBXTargetDependency section */
		ABDBFD581BB39CE400A9BA72 /* PBXTargetDependency */ = {
			isa = PBXTargetDependency;
			target = ABDBFD361BB39CE300A9BA72 /* TestPageBased */;
			targetProxy = ABDBFD571BB39CE400A9BA72 /* PBXContainerItemProxy */;
		};
/* End PBXTargetDependency section */

/* Begin PBXVariantGroup section */
		ABDBFD4A1BB39CE300A9BA72 /* Main.storyboard */ = {
			isa = PBXVariantGroup;
			children = (
				ABDBFD4B1BB39CE300A9BA72 /* Base */,
			);
			name = Main.storyboard;
			sourceTree = "<group>";
		};
		ABDBFD4F1BB39CE300A9BA72 /* LaunchScreen.xib */ = {
			isa = PBXVariantGroup;
			children = (
				ABDBFD501BB39CE300A9BA72 /* Base */,
			);
			name = LaunchScreen.xib;
			sourceTree = "<group>";
		};
/* End PBXVariantGroup section */

/* Begin XCBuildConfiguration section */
		ABDBFD5E1BB39CE400A9BA72 /* Debug */ = {
			isa = XCBuildConfiguration;
			buildSettings = {
				ALWAYS_SEARCH_USER_PATHS = NO;
				CLANG_CXX_LANGUAGE_STANDARD = "gnu++0x";
				CLANG_CXX_LIBRARY = "libc++";
				CLANG_ENABLE_MODULES = YES;
				CLANG_ENABLE_OBJC_ARC = YES;
				CLANG_WARN_BOOL_CONVERSION = YES;
				CLANG_WARN_CONSTANT_CONVERSION = YES;
				CLANG_WARN_DIRECT_OBJC_ISA_USAGE = YES_ERROR;
				CLANG_WARN_EMPTY_BODY = YES;
				CLANG_WARN_ENUM_CONVERSION = YES;
				CLANG_WARN_INT_CONVERSION = YES;
				CLANG_WARN_OBJC_ROOT_CLASS = YES_ERROR;
				CLANG_WARN_UNREACHABLE_CODE = YES;
				CLANG_WARN__DUPLICATE_METHOD_MATCH = YES;
				"CODE_SIGN_IDENTITY[sdk=iphoneos*]" = "iPhone Developer";
				COPY_PHASE_STRIP = NO;
				DEBUG_INFORMATION_FORMAT = "dwarf-with-dsym";
				ENABLE_STRICT_OBJC_MSGSEND = YES;
				GCC_C_LANGUAGE_STANDARD = gnu99;
				GCC_DYNAMIC_NO_PIC = NO;
				GCC_NO_COMMON_BLOCKS = YES;
				GCC_OPTIMIZATION_LEVEL = 0;
				GCC_PREPROCESSOR_DEFINITIONS = (
					"DEBUG=1",
					"$(inherited)",
				);
				GCC_SYMBOLS_PRIVATE_EXTERN = NO;
				GCC_WARN_64_TO_32_BIT_CONVERSION = YES;
				GCC_WARN_ABOUT_RETURN_TYPE = YES_ERROR;
				GCC_WARN_UNDECLARED_SELECTOR = YES;
				GCC_WARN_UNINITIALIZED_AUTOS = YES_AGGRESSIVE;
				GCC_WARN_UNUSED_FUNCTION = YES;
				GCC_WARN_UNUSED_VARIABLE = YES;
				IPHONEOS_DEPLOYMENT_TARGET = 8.4;
				MTL_ENABLE_DEBUG_INFO = YES;
				ONLY_ACTIVE_ARCH = YES;
				SDKROOT = iphoneos;
			};
			name = Debug;
		};
		ABDBFD5F1BB39CE400A9BA72 /* Release */ = {
			isa = XCBuildConfiguration;
			buildSettings = {
				ALWAYS_SEARCH_USER_PATHS = NO;
				CLANG_CXX_LANGUAGE_STANDARD = "gnu++0x";
				CLANG_CXX_LIBRARY = "libc++";
				CLANG_ENABLE_MODULES = YES;
				CLANG_ENABLE_OBJC_ARC = YES;
				CLANG_WARN_BOOL_CONVERSION = YES;
				CLANG_WARN_CONSTANT_CONVERSION = YES;
				CLANG_WARN_DIRECT_OBJC_ISA_USAGE = YES_ERROR;
				CLANG_WARN_EMPTY_BODY = YES;
				CLANG_WARN_ENUM_CONVERSION = YES;
				CLANG_WARN_INT_CONVERSION = YES;
				CLANG_WARN_OBJC_ROOT_CLASS = YES_ERROR;
				CLANG_WARN_UNREACHABLE_CODE = YES;
				CLANG_WARN__DUPLICATE_METHOD_MATCH = YES;
				"CODE_SIGN_IDENTITY[sdk=iphoneos*]" = "iPhone Developer";
				COPY_PHASE_STRIP = NO;
				DEBUG_INFORMATION_FORMAT = "dwarf-with-dsym";
				ENABLE_NS_ASSERTIONS = NO;
				ENABLE_STRICT_OBJC_MSGSEND = YES;
				GCC_C_LANGUAGE_STANDARD = gnu99;
				GCC_NO_COMMON_BLOCKS = YES;
				GCC_WARN_64_TO_32_BIT_CONVERSION = YES;
				GCC_WARN_ABOUT_RETURN_TYPE = YES_ERROR;
				GCC_WARN_UNDECLARED_SELECTOR = YES;
				GCC_WARN_UNINITIALIZED_AUTOS = YES_AGGRESSIVE;
				GCC_WARN_UNUSED_FUNCTION = YES;
				GCC_WARN_UNUSED_VARIABLE = YES;
				IPHONEOS_DEPLOYMENT_TARGET = 8.4;
				MTL_ENABLE_DEBUG_INFO = NO;
				SDKROOT = iphoneos;
				VALIDATE_PRODUCT = YES;
			};
			name = Release;
		};
		ABDBFD611BB39CE400A9BA72 /* Debug */ = {
			isa = XCBuildConfiguration;
			buildSettings = {
				ASSETCATALOG_COMPILER_APPICON_NAME = AppIcon;
				INFOPLIST_FILE = TestPageBased/Info.plist;
				LD_RUNPATH_SEARCH_PATHS = "$(inherited) @executable_path/Frameworks";
				PRODUCT_NAME = "$(TARGET_NAME)";
			};
			name = Debug;
		};
		ABDBFD621BB39CE400A9BA72 /* Release */ = {
			isa = XCBuildConfiguration;
			buildSettings = {
				ASSETCATALOG_COMPILER_APPICON_NAME = AppIcon;
				INFOPLIST_FILE = TestPageBased/Info.plist;
				LD_RUNPATH_SEARCH_PATHS = "$(inherited) @executable_path/Frameworks";
				PRODUCT_NAME = "$(TARGET_NAME)";
			};
			name = Release;
		};
		ABDBFD641BB39CE400A9BA72 /* Debug */ = {
			isa = XCBuildConfiguration;
			buildSettings = {
				BUNDLE_LOADER = "$(TEST_HOST)";
				FRAMEWORK_SEARCH_PATHS = (
					"$(SDKROOT)/Developer/Library/Frameworks",
					"$(inherited)",
				);
				GCC_PREPROCESSOR_DEFINITIONS = (
					"DEBUG=1",
					"$(inherited)",
				);
				INFOPLIST_FILE = TestPageBasedTests/Info.plist;
				LD_RUNPATH_SEARCH_PATHS = "$(inherited) @executable_path/Frameworks @loader_path/Frameworks";
				PRODUCT_NAME = "$(TARGET_NAME)";
				TEST_HOST = "$(BUILT_PRODUCTS_DIR)/TestPageBased.app/TestPageBased";
			};
			name = Debug;
		};
		ABDBFD651BB39CE400A9BA72 /* Release */ = {
			isa = XCBuildConfiguration;
			buildSettings = {
				BUNDLE_LOADER = "$(TEST_HOST)";
				FRAMEWORK_SEARCH_PATHS = (
					"$(SDKROOT)/Developer/Library/Frameworks",
					"$(inherited)",
				);
				INFOPLIST_FILE = TestPageBasedTests/Info.plist;
				LD_RUNPATH_SEARCH_PATHS = "$(inherited) @executable_path/Frameworks @loader_path/Frameworks";
				PRODUCT_NAME = "$(TARGET_NAME)";
				TEST_HOST = "$(BUILT_PRODUCTS_DIR)/TestPageBased.app/TestPageBased";
			};
			name = Release;
		};
/* End XCBuildConfiguration section */

/* Begin XCConfigurationList section */
		ABDBFD321BB39CE300A9BA72 /* Build configuration list for PBXProject "TestPageBased" */ = {
			isa = XCConfigurationList;
			buildConfigurations = (
				ABDBFD5E1BB39CE400A9BA72 /* Debug */,
				ABDBFD5F1BB39CE400A9BA72 /* Release */,
			);
			defaultConfigurationIsVisible = 0;
			defaultConfigurationName = Release;
		};
		ABDBFD601BB39CE400A9BA72 /* Build configuration list for PBXNativeTarget "TestPageBased" */ = {
			isa = XCConfigurationList;
			buildConfigurations = (
				ABDBFD611BB39CE400A9BA72 /* Debug */,
				ABDBFD621BB39CE400A9BA72 /* Release */,
			);
			defaultConfigurationIsVisible = 0;
		};
		ABDBFD631BB39CE400A9BA72 /* Build configuration list for PBXNativeTarget "TestPageBasedTests" */ = {
			isa = XCConfigurationList;
			buildConfigurations = (
				ABDBFD641BB39CE400A9BA72 /* Debug */,
				ABDBFD651BB39CE400A9BA72 /* Release */,
			);
			defaultConfigurationIsVisible = 0;
		};
/* End XCConfigurationList section */
	};
	rootObject = ABDBFD2F1BB39CE300A9BA72 /* Project object */;
}
